
Microsoft Visual Studio Solution File, Format Version 12.00
# Visual Studio 2012
Project("{8BC9CEB8-8B4A-11D0-8D11-00A0C91BC942}") = "Console Apps", "Console Apps\Console Apps.vcxproj", "{AB2F961C-15D9-48FF-AF99-4816DE20A4EC}"
EndProject
Global
	GlobalSection(SolutionConfigurationPlatforms) = preSolution
		Debug|Win32 = Debug|Win32
		Release|Win32 = Release|Win32
	EndGlobalSection
	GlobalSection(ProjectConfigurationPlatforms) = postSolution
		{AB2F961C-15D9-48FF-AF99-4816DE20A4EC}.Debug|Win32.ActiveCfg = Debug|Win32
		{AB2F961C-15D9-48FF-AF99-4816DE20A4EC}.Debug|Win32.Build.0 = Debug|Win32
		{AB2F961C-15D9-48FF-AF99-4816DE20A4EC}.Release|Win32.ActiveCfg = Release|Win32
		{AB2F961C-15D9-48FF-AF99-4816DE20A4EC}.Release|Win32.Build.0 = Release|Win32
	EndGlobalSection
	GlobalSection(SolutionProperties) = preSolution
		HideSolutionNode = FALSE
	EndGlobalSection
EndGlobal
